{
  "name": "el-paramarta",
  "lockfileVersion": 2,
  "requires": true,
  "packages": {
    "": {
      "dependencies": {
        "chart.js": "^3.9.1",
        "fullcalendar": "^5.11.3",
        "notyf": "^3.10.0"
      }
    },
    "node_modules/chart.js": {
      "version": "3.9.1",
      "resolved": "https://registry.npmjs.org/chart.js/-/chart.js-3.9.1.tgz",
      "integrity": "sha512-Ro2JbLmvg83gXF5F4sniaQ+lTbSv18E+TIf2cOeiH1Iqd2PGFOtem+DUufMZsCJwFE7ywPOpfXFBwRTGq7dh6w=="
    },
    "node_modules/fullcalendar": {
      "version": "5.11.3",
      "resolved": "https://registry.npmjs.org/fullcalendar/-/fullcalendar-5.11.3.tgz",
      "integrity": "sha512-SgqiMEA+lWLyEd2jEwtIxdfx41j2CZr4KK00D2Gepj1MnGOjaEi13athnU6xvqMQXXjgJNj+vmlUP69QiuGncQ=="
    },
    "node_modules/notyf": {
      "version": "3.10.0",
      "resolved": "https://registry.npmjs.org/notyf/-/notyf-3.10.0.tgz",
      "integrity": "sha512-Mtnp+0qiZxgrH+TzVlzhWyZceHdAZ/UWK0/ju9U0HQeDpap1mZ8cC7H5wSI5mwgni6yeAjaxsTw0sbMK+aSuHw=="
    }
  },
  "dependencies": {
    "chart.js": {
      "version": "3.9.1",
      "resolved": "https://registry.npmjs.org/chart.js/-/chart.js-3.9.1.tgz",
      "integrity": "sha512-Ro2JbLmvg83gXF5F4sniaQ+lTbSv18E+TIf2cOeiH1Iqd2PGFOtem+DUufMZsCJwFE7ywPOpfXFBwRTGq7dh6w=="
    },
    "fullcalendar": {
      "version": "5.11.3",
      "resolved": "https://registry.npmjs.org/fullcalendar/-/fullcalendar-5.11.3.tgz",
      "integrity": "sha512-SgqiMEA+lWLyEd2jEwtIxdfx41j2CZr4KK00D2Gepj1MnGOjaEi13athnU6xvqMQXXjgJNj+vmlUP69QiuGncQ=="
    },
    "notyf": {
      "version": "3.10.0",
      "resolved": "https://registry.npmjs.org/notyf/-/notyf-3.10.0.tgz",
      "integrity": "sha512-Mtnp+0qiZxgrH+TzVlzhWyZceHdAZ/UWK0/ju9U0HQeDpap1mZ8cC7H5wSI5mwgni6yeAjaxsTw0sbMK+aSuHw=="
    }
  }
}
